
Microsoft Visual Studio Solution File, Format Version 12.00
# Visual Studio Version 17
VisualStudioVersion = 17.4.33103.184
MinimumVisualStudioVersion = 10.0.40219.1
Project("{FAE04EC0-301F-11D3-BF4B-00C04F79EFBC}") = "code", "code\code.csproj", "{51C17A6B-4537-4305-8BCE-F2422B6E5DEC}"
EndProject
Global
	GlobalSection(SolutionConfigurationPlatforms) = preSolution
		Debug|Any CPU = Debug|Any CPU
		Release|Any CPU = Release|Any CPU
	EndGlobalSection
	GlobalSection(ProjectConfigurationPlatforms) = postSolution
		{51C17A6B-4537-4305-8BCE-F2422B6E5DEC}.Debug|Any CPU.ActiveCfg = Debug|Any CPU
		{51C17A6B-4537-4305-8BCE-F2422B6E5DEC}.Debug|Any CPU.Build.0 = Debug|Any CPU
		{51C17A6B-4537-4305-8BCE-F2422B6E5DEC}.Release|Any CPU.ActiveCfg = Release|Any CPU
		{51C17A6B-4537-4305-8BCE-F2422B6E5DEC}.Release|Any CPU.Build.0 = Release|Any CPU
	EndGlobalSection
	GlobalSection(SolutionProperties) = preSolution
		HideSolutionNode = FALSE
	EndGlobalSection
	GlobalSection(ExtensibilityGlobals) = postSolution
		SolutionGuid = {2A582336-B5F7-46B4-9CAD-CDD376BB8892}
	EndGlobalSection
EndGlobal
